
Microsoft Visual Studio Solution File, Format Version 12.00
# Visual Studio 15
VisualStudioVersion = 15.0.27703.2000
MinimumVisualStudioVersion = 10.0.40219.1
Project("{FAE04EC0-301F-11D3-BF4B-00C04F79EFBC}") = "LwsAuthUI", "LwsAuthUI\LwsAuthUI.csproj", "{0BD501E6-362A-4C15-81E2-9D9881958BE6}"
EndProject
Project("{00D1A9C2-B5F0-4AF3-8072-F6C62B433612}") = "LwsAuthDB", "Database1\LwsAuthDB.sqlproj", "{A68431F1-0D10-4140-9FF2-5626DF14E556}"
EndProject
Global
	GlobalSection(SolutionConfigurationPlatforms) = preSolution
		Debug|Any CPU = Debug|Any CPU
		Release|Any CPU = Release|Any CPU
	EndGlobalSection
	GlobalSection(ProjectConfigurationPlatforms) = postSolution
		{0BD501E6-362A-4C15-81E2-9D9881958BE6}.Debug|Any CPU.ActiveCfg = Debug|Any CPU
		{0BD501E6-362A-4C15-81E2-9D9881958BE6}.Debug|Any CPU.Build.0 = Debug|Any CPU
		{0BD501E6-362A-4C15-81E2-9D9881958BE6}.Release|Any CPU.ActiveCfg = Release|Any CPU
		{0BD501E6-362A-4C15-81E2-9D9881958BE6}.Release|Any CPU.Build.0 = Release|Any CPU
		{A68431F1-0D10-4140-9FF2-5626DF14E556}.Debug|Any CPU.ActiveCfg = Debug|Any CPU
		{A68431F1-0D10-4140-9FF2-5626DF14E556}.Debug|Any CPU.Build.0 = Debug|Any CPU
		{A68431F1-0D10-4140-9FF2-5626DF14E556}.Debug|Any CPU.Deploy.0 = Debug|Any CPU
		{A68431F1-0D10-4140-9FF2-5626DF14E556}.Release|Any CPU.ActiveCfg = Release|Any CPU
		{A68431F1-0D10-4140-9FF2-5626DF14E556}.Release|Any CPU.Build.0 = Release|Any CPU
		{A68431F1-0D10-4140-9FF2-5626DF14E556}.Release|Any CPU.Deploy.0 = Release|Any CPU
	EndGlobalSection
	GlobalSection(SolutionProperties) = preSolution
		HideSolutionNode = FALSE
	EndGlobalSection
	GlobalSection(ExtensibilityGlobals) = postSolution
		SolutionGuid = {0DEE16E5-4084-4A19-A755-0014937A4528}
	EndGlobalSection
EndGlobal
